
Microsoft Visual Studio Solution File, Format Version 12.00
# Visual Studio Version 17
VisualStudioVersion = 17.5.33424.131
MinimumVisualStudioVersion = 10.0.40219.1
Project("{9A19103F-16F7-4668-BE54-9A1E7A4F7556}") = "1 - somaDeElementos", "1 - somaDeElementos\1 - somaDeElementos.csproj", "{A644C95A-65B1-4AB6-8B2E-4EF1CB209DC5}"
EndProject
Project("{9A19103F-16F7-4668-BE54-9A1E7A4F7556}") = "2 - mediaPonderada", "2 - mediaPonderada\2 - mediaPonderada.csproj", "{0A509969-D4B0-4F02-BFF6-BE6A414D101A}"
EndProject
Project("{9A19103F-16F7-4668-BE54-9A1E7A4F7556}") = "3 - mediaPonderada", "3 - mediaPonderada\3 - mediaPonderada.csproj", "{3ABF4438-6EF6-416E-82A4-2BA0C2B06F76}"
EndProject
Project("{9A19103F-16F7-4668-BE54-9A1E7A4F7556}") = "4 - diferenca", "4 - diferenca\4 - diferenca.csproj", "{D6555A9F-1A53-4B61-B65F-C6A0E293DB75}"
EndProject
Project("{9A19103F-16F7-4668-BE54-9A1E7A4F7556}") = "5 - salario", "5 - salario\5 - salario.csproj", "{24B074A1-4466-4D60-965B-929E6C7E999E}"
EndProject
Project("{9A19103F-16F7-4668-BE54-9A1E7A4F7556}") = "6 - salarioComBonus", "6 - salarioComBonus\6 - salarioComBonus.csproj", "{75314702-2D6F-4854-A428-D4F59938F91D}"
EndProject
Project("{9A19103F-16F7-4668-BE54-9A1E7A4F7556}") = "7 - extremamenteBasico", "7 - extremamenteBasico\7 - extremamenteBasico.csproj", "{CDCDA93B-1B37-4B07-9DE8-6FB4197337ED}"
EndProject
Project("{9A19103F-16F7-4668-BE54-9A1E7A4F7556}") = "8 - calculoSimples", "8 - calculoSimples\8 - calculoSimples.csproj", "{43E737E9-E0C8-4049-8BF1-349676D25965}"
EndProject
Project("{9A19103F-16F7-4668-BE54-9A1E7A4F7556}") = "9 - consumo", "9 - consumo\9 - consumo.csproj", "{7AEB1AB4-784A-429B-978E-905B86D98A7B}"
EndProject
Project("{9A19103F-16F7-4668-BE54-9A1E7A4F7556}") = "z10 - area", "z10 - area\z10 - area.csproj", "{A01166FC-D96C-482E-9953-85949BAB49BE}"
EndProject
Project("{9A19103F-16F7-4668-BE54-9A1E7A4F7556}") = "z11 - conversaoDeTempo", "z11 - conversaoDeTempo\z11 - conversaoDeTempo.csproj", "{078F607D-5870-4336-B4EF-937E0ADE3CFB}"
EndProject
Project("{9A19103F-16F7-4668-BE54-9A1E7A4F7556}") = "z12 - areaDoCirculo", "z12 - areaDoCirculo\z12 - areaDoCirculo.csproj", "{27F1F7A4-0C0A-4748-BEA7-F19A10E16023}"
EndProject
Project("{9A19103F-16F7-4668-BE54-9A1E7A4F7556}") = "z13 - esfera", "z13 - esfera\z13 - esfera.csproj", "{73663E35-7B5F-48BD-A848-93B6DC0D9F1E}"
EndProject
Project("{9A19103F-16F7-4668-BE54-9A1E7A4F7556}") = "z14 - maior", "z14 - maior\z14 - maior.csproj", "{0EBEF29B-DF5D-4924-9794-6CCB702DDF74}"
EndProject
Project("{9A19103F-16F7-4668-BE54-9A1E7A4F7556}") = "z15 - distanciaEntreDoisPontos", "z15 - distanciaEntreDoisPontos\z15 - distanciaEntreDoisPontos.csproj", "{A797F452-9A2A-4368-948A-C682B5795D8D}"
EndProject
Project("{FAE04EC0-301F-11D3-BF4B-00C04F79EFBC}") = "z16 - distancia", "z16 - distancia\z16 - distancia.csproj", "{9E0584AD-E7A5-4886-8506-2051E8CDDD5F}"
EndProject
Project("{FAE04EC0-301F-11D3-BF4B-00C04F79EFBC}") = "z17 - gastoDeCombustivel", "z17 - gastoDeCombustivel\z17 - gastoDeCombustivel.csproj", "{2963A008-511D-4B8D-85A9-584FCD807279}"
EndProject
Project("{FAE04EC0-301F-11D3-BF4B-00C04F79EFBC}") = "z18 - cedulas", "z18 - cedulas\z18 - cedulas.csproj", "{B188D5F5-FE3D-4B9D-996C-AF8C3C46556B}"
EndProject
Project("{FAE04EC0-301F-11D3-BF4B-00C04F79EFBC}") = "z19 - idadeEmDias", "z19 - idadeEmDias\z19 - idadeEmDias.csproj", "{3271DA84-3B05-40F1-9743-E760EE242FF4}"
EndProject
Project("{FAE04EC0-301F-11D3-BF4B-00C04F79EFBC}") = "z20 - notasEMoedas", "z20 - notasEMoedas\z20 - notasEMoedas.csproj", "{F424A47B-6A7E-4400-888C-BE1C8605527E}"
EndProject
Global
	GlobalSection(SolutionConfigurationPlatforms) = preSolution
		Debug|Any CPU = Debug|Any CPU
		Release|Any CPU = Release|Any CPU
	EndGlobalSection
	GlobalSection(ProjectConfigurationPlatforms) = postSolution
		{A644C95A-65B1-4AB6-8B2E-4EF1CB209DC5}.Debug|Any CPU.ActiveCfg = Debug|Any CPU
		{A644C95A-65B1-4AB6-8B2E-4EF1CB209DC5}.Debug|Any CPU.Build.0 = Debug|Any CPU
		{A644C95A-65B1-4AB6-8B2E-4EF1CB209DC5}.Release|Any CPU.ActiveCfg = Release|Any CPU
		{A644C95A-65B1-4AB6-8B2E-4EF1CB209DC5}.Release|Any CPU.Build.0 = Release|Any CPU
		{0A509969-D4B0-4F02-BFF6-BE6A414D101A}.Debug|Any CPU.ActiveCfg = Debug|Any CPU
		{0A509969-D4B0-4F02-BFF6-BE6A414D101A}.Debug|Any CPU.Build.0 = Debug|Any CPU
		{0A509969-D4B0-4F02-BFF6-BE6A414D101A}.Release|Any CPU.ActiveCfg = Release|Any CPU
		{0A509969-D4B0-4F02-BFF6-BE6A414D101A}.Release|Any CPU.Build.0 = Release|Any CPU
		{3ABF4438-6EF6-416E-82A4-2BA0C2B06F76}.Debug|Any CPU.ActiveCfg = Debug|Any CPU
		{3ABF4438-6EF6-416E-82A4-2BA0C2B06F76}.Debug|Any CPU.Build.0 = Debug|Any CPU
		{3ABF4438-6EF6-416E-82A4-2BA0C2B06F76}.Release|Any CPU.ActiveCfg = Release|Any CPU
		{3ABF4438-6EF6-416E-82A4-2BA0C2B06F76}.Release|Any CPU.Build.0 = Release|Any CPU
		{D6555A9F-1A53-4B61-B65F-C6A0E293DB75}.Debug|Any CPU.ActiveCfg = Debug|Any CPU
		{D6555A9F-1A53-4B61-B65F-C6A0E293DB75}.Debug|Any CPU.Build.0 = Debug|Any CPU
		{D6555A9F-1A53-4B61-B65F-C6A0E293DB75}.Release|Any CPU.ActiveCfg = Release|Any CPU
		{D6555A9F-1A53-4B61-B65F-C6A0E293DB75}.Release|Any CPU.Build.0 = Release|Any CPU
		{24B074A1-4466-4D60-965B-929E6C7E999E}.Debug|Any CPU.ActiveCfg = Debug|Any CPU
		{24B074A1-4466-4D60-965B-929E6C7E999E}.Debug|Any CPU.Build.0 = Debug|Any CPU
		{24B074A1-4466-4D60-965B-929E6C7E999E}.Release|Any CPU.ActiveCfg = Release|Any CPU
		{24B074A1-4466-4D60-965B-929E6C7E999E}.Release|Any CPU.Build.0 = Release|Any CPU
		{75314702-2D6F-4854-A428-D4F59938F91D}.Debug|Any CPU.ActiveCfg = Debug|Any CPU
		{75314702-2D6F-4854-A428-D4F59938F91D}.Debug|Any CPU.Build.0 = Debug|Any CPU
		{75314702-2D6F-4854-A428-D4F59938F91D}.Release|Any CPU.ActiveCfg = Release|Any CPU
		{75314702-2D6F-4854-A428-D4F59938F91D}.Release|Any CPU.Build.0 = Release|Any CPU
		{CDCDA93B-1B37-4B07-9DE8-6FB4197337ED}.Debug|Any CPU.ActiveCfg = Debug|Any CPU
		{CDCDA93B-1B37-4B07-9DE8-6FB4197337ED}.Debug|Any CPU.Build.0 = Debug|Any CPU
		{CDCDA93B-1B37-4B07-9DE8-6FB4197337ED}.Release|Any CPU.ActiveCfg = Release|Any CPU
		{CDCDA93B-1B37-4B07-9DE8-6FB4197337ED}.Release|Any CPU.Build.0 = Release|Any CPU
		{43E737E9-E0C8-4049-8BF1-349676D25965}.Debug|Any CPU.ActiveCfg = Debug|Any CPU
		{43E737E9-E0C8-4049-8BF1-349676D25965}.Debug|Any CPU.Build.0 = Debug|Any CPU
		{43E737E9-E0C8-4049-8BF1-349676D25965}.Release|Any CPU.ActiveCfg = Release|Any CPU
		{43E737E9-E0C8-4049-8BF1-349676D25965}.Release|Any CPU.Build.0 = Release|Any CPU
		{7AEB1AB4-784A-429B-978E-905B86D98A7B}.Debug|Any CPU.ActiveCfg = Debug|Any CPU
		{7AEB1AB4-784A-429B-978E-905B86D98A7B}.Debug|Any CPU.Build.0 = Debug|Any CPU
		{7AEB1AB4-784A-429B-978E-905B86D98A7B}.Release|Any CPU.ActiveCfg = Release|Any CPU
		{7AEB1AB4-784A-429B-978E-905B86D98A7B}.Release|Any CPU.Build.0 = Release|Any CPU
		{A01166FC-D96C-482E-9953-85949BAB49BE}.Debug|Any CPU.ActiveCfg = Debug|Any CPU
		{A01166FC-D96C-482E-9953-85949BAB49BE}.Debug|Any CPU.Build.0 = Debug|Any CPU
		{A01166FC-D96C-482E-9953-85949BAB49BE}.Release|Any CPU.ActiveCfg = Release|Any CPU
		{A01166FC-D96C-482E-9953-85949BAB49BE}.Release|Any CPU.Build.0 = Release|Any CPU
		{078F607D-5870-4336-B4EF-937E0ADE3CFB}.Debug|Any CPU.ActiveCfg = Debug|Any CPU
		{078F607D-5870-4336-B4EF-937E0ADE3CFB}.Debug|Any CPU.Build.0 = Debug|Any CPU
		{078F607D-5870-4336-B4EF-937E0ADE3CFB}.Release|Any CPU.ActiveCfg = Release|Any CPU
		{078F607D-5870-4336-B4EF-937E0ADE3CFB}.Release|Any CPU.Build.0 = Release|Any CPU
		{27F1F7A4-0C0A-4748-BEA7-F19A10E16023}.Debug|Any CPU.ActiveCfg = Debug|Any CPU
		{27F1F7A4-0C0A-4748-BEA7-F19A10E16023}.Debug|Any CPU.Build.0 = Debug|Any CPU
		{27F1F7A4-0C0A-4748-BEA7-F19A10E16023}.Release|Any CPU.ActiveCfg = Release|Any CPU
		{27F1F7A4-0C0A-4748-BEA7-F19A10E16023}.Release|Any CPU.Build.0 = Release|Any CPU
		{73663E35-7B5F-48BD-A848-93B6DC0D9F1E}.Debug|Any CPU.ActiveCfg = Debug|Any CPU
		{73663E35-7B5F-48BD-A848-93B6DC0D9F1E}.Debug|Any CPU.Build.0 = Debug|Any CPU
		{73663E35-7B5F-48BD-A848-93B6DC0D9F1E}.Release|Any CPU.ActiveCfg = Release|Any CPU
		{73663E35-7B5F-48BD-A848-93B6DC0D9F1E}.Release|Any CPU.Build.0 = Release|Any CPU
		{0EBEF29B-DF5D-4924-9794-6CCB702DDF74}.Debug|Any CPU.ActiveCfg = Debug|Any CPU
		{0EBEF29B-DF5D-4924-9794-6CCB702DDF74}.Debug|Any CPU.Build.0 = Debug|Any CPU
		{0EBEF29B-DF5D-4924-9794-6CCB702DDF74}.Release|Any CPU.ActiveCfg = Release|Any CPU
		{0EBEF29B-DF5D-4924-9794-6CCB702DDF74}.Release|Any CPU.Build.0 = Release|Any CPU
		{A797F452-9A2A-4368-948A-C682B5795D8D}.Debug|Any CPU.ActiveCfg = Debug|Any CPU
		{A797F452-9A2A-4368-948A-C682B5795D8D}.Debug|Any CPU.Build.0 = Debug|Any CPU
		{A797F452-9A2A-4368-948A-C682B5795D8D}.Release|Any CPU.ActiveCfg = Release|Any CPU
		{A797F452-9A2A-4368-948A-C682B5795D8D}.Release|Any CPU.Build.0 = Release|Any CPU
		{9E0584AD-E7A5-4886-8506-2051E8CDDD5F}.Debug|Any CPU.ActiveCfg = Debug|Any CPU
		{9E0584AD-E7A5-4886-8506-2051E8CDDD5F}.Debug|Any CPU.Build.0 = Debug|Any CPU
		{9E0584AD-E7A5-4886-8506-2051E8CDDD5F}.Release|Any CPU.ActiveCfg = Release|Any CPU
		{9E0584AD-E7A5-4886-8506-2051E8CDDD5F}.Release|Any CPU.Build.0 = Release|Any CPU
		{2963A008-511D-4B8D-85A9-584FCD807279}.Debug|Any CPU.ActiveCfg = Debug|Any CPU
		{2963A008-511D-4B8D-85A9-584FCD807279}.Debug|Any CPU.Build.0 = Debug|Any CPU
		{2963A008-511D-4B8D-85A9-584FCD807279}.Release|Any CPU.ActiveCfg = Release|Any CPU
		{2963A008-511D-4B8D-85A9-584FCD807279}.Release|Any CPU.Build.0 = Release|Any CPU
		{B188D5F5-FE3D-4B9D-996C-AF8C3C46556B}.Debug|Any CPU.ActiveCfg = Debug|Any CPU
		{B188D5F5-FE3D-4B9D-996C-AF8C3C46556B}.Debug|Any CPU.Build.0 = Debug|Any CPU
		{B188D5F5-FE3D-4B9D-996C-AF8C3C46556B}.Release|Any CPU.ActiveCfg = Release|Any CPU
		{B188D5F5-FE3D-4B9D-996C-AF8C3C46556B}.Release|Any CPU.Build.0 = Release|Any CPU
		{3271DA84-3B05-40F1-9743-E760EE242FF4}.Debug|Any CPU.ActiveCfg = Debug|Any CPU
		{3271DA84-3B05-40F1-9743-E760EE242FF4}.Debug|Any CPU.Build.0 = Debug|Any CPU
		{3271DA84-3B05-40F1-9743-E760EE242FF4}.Release|Any CPU.ActiveCfg = Release|Any CPU
		{3271DA84-3B05-40F1-9743-E760EE242FF4}.Release|Any CPU.Build.0 = Release|Any CPU
		{F424A47B-6A7E-4400-888C-BE1C8605527E}.Debug|Any CPU.ActiveCfg = Debug|Any CPU
		{F424A47B-6A7E-4400-888C-BE1C8605527E}.Debug|Any CPU.Build.0 = Debug|Any CPU
		{F424A47B-6A7E-4400-888C-BE1C8605527E}.Release|Any CPU.ActiveCfg = Release|Any CPU
		{F424A47B-6A7E-4400-888C-BE1C8605527E}.Release|Any CPU.Build.0 = Release|Any CPU
	EndGlobalSection
	GlobalSection(SolutionProperties) = preSolution
		HideSolutionNode = FALSE
	EndGlobalSection
	GlobalSection(ExtensibilityGlobals) = postSolution
		SolutionGuid = {B255CBBA-BC8A-44ED-A258-F9A774AD6A41}
	EndGlobalSection
EndGlobal
